
Microsoft Visual Studio Solution File, Format Version 12.00
# Visual Studio Version 17
VisualStudioVersion = 17.12.35506.116 d17.12
MinimumVisualStudioVersion = 10.0.40219.1
Project("{FAE04EC0-301F-11D3-BF4B-00C04F79EFBC}") = "Ui", "_src\Ui\Ui.csproj", "{C504839C-C307-4EDD-A440-4B472790E7FA}"
EndProject
Project("{FAE04EC0-301F-11D3-BF4B-00C04F79EFBC}") = "Gateway", "_src\Gateway\Gateway.csproj", "{4503BFF3-FD54-44F3-AC8A-603DADE31777}"
EndProject
Project("{FAE04EC0-301F-11D3-BF4B-00C04F79EFBC}") = "Data", "_src\Data\Data.csproj", "{A0B27F18-AA6D-403A-9A0F-55F67A4E2488}"
EndProject
Project("{FAE04EC0-301F-11D3-BF4B-00C04F79EFBC}") = "Shared", "_src\Shared\Shared.csproj", "{392D6F1A-8C61-4FC5-B285-42110F6402F3}"
EndProject
Project("{FAE04EC0-301F-11D3-BF4B-00C04F79EFBC}") = "Endpoints", "_src\Endpoints\Endpoints.csproj", "{179E8D20-1103-49F8-B738-6273577077C4}"
EndProject
Project("{2150E333-8FDC-42A3-9474-1A3956D46DE8}") = "Gateway", "Gateway", "{83FB2772-4182-4869-A36E-AA16D5FC6700}"
EndProject
Project("{2150E333-8FDC-42A3-9474-1A3956D46DE8}") = "Ui", "Ui", "{458F295F-1A08-40E3-AB19-669CD06E2DDB}"
EndProject
Project("{FAE04EC0-301F-11D3-BF4B-00C04F79EFBC}") = "Proxy", "_src\Proxy\Proxy.csproj", "{812AEB0D-06C4-4F01-B050-FBA52045F25C}"
EndProject
Project("{FAE04EC0-301F-11D3-BF4B-00C04F79EFBC}") = "Domain", "_src\Domain\Domain.csproj", "{14C29B93-498C-4E29-A29D-D219093AB8F4}"
EndProject
Global
	GlobalSection(SolutionConfigurationPlatforms) = preSolution
		Debug|Any CPU = Debug|Any CPU
		Release|Any CPU = Release|Any CPU
	EndGlobalSection
	GlobalSection(ProjectConfigurationPlatforms) = postSolution
		{C504839C-C307-4EDD-A440-4B472790E7FA}.Debug|Any CPU.ActiveCfg = Debug|Any CPU
		{C504839C-C307-4EDD-A440-4B472790E7FA}.Debug|Any CPU.Build.0 = Debug|Any CPU
		{C504839C-C307-4EDD-A440-4B472790E7FA}.Release|Any CPU.ActiveCfg = Release|Any CPU
		{C504839C-C307-4EDD-A440-4B472790E7FA}.Release|Any CPU.Build.0 = Release|Any CPU
		{4503BFF3-FD54-44F3-AC8A-603DADE31777}.Debug|Any CPU.ActiveCfg = Debug|Any CPU
		{4503BFF3-FD54-44F3-AC8A-603DADE31777}.Debug|Any CPU.Build.0 = Debug|Any CPU
		{4503BFF3-FD54-44F3-AC8A-603DADE31777}.Release|Any CPU.ActiveCfg = Release|Any CPU
		{4503BFF3-FD54-44F3-AC8A-603DADE31777}.Release|Any CPU.Build.0 = Release|Any CPU
		{A0B27F18-AA6D-403A-9A0F-55F67A4E2488}.Debug|Any CPU.ActiveCfg = Debug|Any CPU
		{A0B27F18-AA6D-403A-9A0F-55F67A4E2488}.Debug|Any CPU.Build.0 = Debug|Any CPU
		{A0B27F18-AA6D-403A-9A0F-55F67A4E2488}.Release|Any CPU.ActiveCfg = Release|Any CPU
		{A0B27F18-AA6D-403A-9A0F-55F67A4E2488}.Release|Any CPU.Build.0 = Release|Any CPU
		{392D6F1A-8C61-4FC5-B285-42110F6402F3}.Debug|Any CPU.ActiveCfg = Debug|Any CPU
		{392D6F1A-8C61-4FC5-B285-42110F6402F3}.Debug|Any CPU.Build.0 = Debug|Any CPU
		{392D6F1A-8C61-4FC5-B285-42110F6402F3}.Release|Any CPU.ActiveCfg = Release|Any CPU
		{392D6F1A-8C61-4FC5-B285-42110F6402F3}.Release|Any CPU.Build.0 = Release|Any CPU
		{179E8D20-1103-49F8-B738-6273577077C4}.Debug|Any CPU.ActiveCfg = Debug|Any CPU
		{179E8D20-1103-49F8-B738-6273577077C4}.Debug|Any CPU.Build.0 = Debug|Any CPU
		{179E8D20-1103-49F8-B738-6273577077C4}.Release|Any CPU.ActiveCfg = Release|Any CPU
		{179E8D20-1103-49F8-B738-6273577077C4}.Release|Any CPU.Build.0 = Release|Any CPU
		{812AEB0D-06C4-4F01-B050-FBA52045F25C}.Debug|Any CPU.ActiveCfg = Debug|Any CPU
		{812AEB0D-06C4-4F01-B050-FBA52045F25C}.Debug|Any CPU.Build.0 = Debug|Any CPU
		{812AEB0D-06C4-4F01-B050-FBA52045F25C}.Release|Any CPU.ActiveCfg = Release|Any CPU
		{812AEB0D-06C4-4F01-B050-FBA52045F25C}.Release|Any CPU.Build.0 = Release|Any CPU
		{14C29B93-498C-4E29-A29D-D219093AB8F4}.Debug|Any CPU.ActiveCfg = Debug|Any CPU
		{14C29B93-498C-4E29-A29D-D219093AB8F4}.Debug|Any CPU.Build.0 = Debug|Any CPU
		{14C29B93-498C-4E29-A29D-D219093AB8F4}.Release|Any CPU.ActiveCfg = Release|Any CPU
		{14C29B93-498C-4E29-A29D-D219093AB8F4}.Release|Any CPU.Build.0 = Release|Any CPU
	EndGlobalSection
	GlobalSection(SolutionProperties) = preSolution
		HideSolutionNode = FALSE
	EndGlobalSection
	GlobalSection(NestedProjects) = preSolution
		{C504839C-C307-4EDD-A440-4B472790E7FA} = {458F295F-1A08-40E3-AB19-669CD06E2DDB}
		{4503BFF3-FD54-44F3-AC8A-603DADE31777} = {83FB2772-4182-4869-A36E-AA16D5FC6700}
		{A0B27F18-AA6D-403A-9A0F-55F67A4E2488} = {83FB2772-4182-4869-A36E-AA16D5FC6700}
		{179E8D20-1103-49F8-B738-6273577077C4} = {83FB2772-4182-4869-A36E-AA16D5FC6700}
		{812AEB0D-06C4-4F01-B050-FBA52045F25C} = {83FB2772-4182-4869-A36E-AA16D5FC6700}
		{14C29B93-498C-4E29-A29D-D219093AB8F4} = {83FB2772-4182-4869-A36E-AA16D5FC6700}
	EndGlobalSection
	GlobalSection(RiderSharedRunConfigurations) = postSolution
		File = _src\Gateway\Gateway_Dockerfile.run.xml
	EndGlobalSection
EndGlobal
