
Microsoft Visual Studio Solution File, Format Version 12.00
# Visual Studio Version 17
VisualStudioVersion = 17.12.35514.174
MinimumVisualStudioVersion = 10.0.40219.1
Project("{FAE04EC0-301F-11D3-BF4B-00C04F79EFBC}") = "Gateway", "_src\Gateway\Gateway.csproj", "{4503BFF3-FD54-44F3-AC8A-603DADE31777}"
EndProject
Project("{FAE04EC0-301F-11D3-BF4B-00C04F79EFBC}") = "Data", "_src\Data\Data.csproj", "{A0B27F18-AA6D-403A-9A0F-55F67A4E2488}"
EndProject
Project("{FAE04EC0-301F-11D3-BF4B-00C04F79EFBC}") = "Shared", "_src\Shared\Shared.csproj", "{392D6F1A-8C61-4FC5-B285-42110F6402F3}"
EndProject
Project("{FAE04EC0-301F-11D3-BF4B-00C04F79EFBC}") = "Endpoints", "_src\Endpoints\Endpoints.csproj", "{179E8D20-1103-49F8-B738-6273577077C4}"
EndProject
Project("{2150E333-8FDC-42A3-9474-1A3956D46DE8}") = "_src", "_src", "{83FB2772-4182-4869-A36E-AA16D5FC6700}"
EndProject
Project("{2150E333-8FDC-42A3-9474-1A3956D46DE8}") = "_aspire", "_aspire", "{458F295F-1A08-40E3-AB19-669CD06E2DDB}"
EndProject
Project("{FAE04EC0-301F-11D3-BF4B-00C04F79EFBC}") = "AppHost", "_aspire\AspireApp1.AppHost\AppHost.csproj", "{10004B3F-F54E-447E-907B-CBCC8DC6B464}"
EndProject
Project("{FAE04EC0-301F-11D3-BF4B-00C04F79EFBC}") = "ServiceDefaults", "_aspire\AspireApp1.ServiceDefaults\ServiceDefaults.csproj", "{ACB306BF-1E17-46C2-A739-EB48601C66A4}"
EndProject
Project("{FAE04EC0-301F-11D3-BF4B-00C04F79EFBC}") = "AspireApp1.Tests", "_test\AspireApp1.Tests\AspireApp1.Tests.csproj", "{BF4FECE9-A15A-4F7A-A01F-6E52D0A65578}"
EndProject
Project("{2150E333-8FDC-42A3-9474-1A3956D46DE8}") = "_test", "_test", "{10D71BC2-CE3B-4E5D-AD2C-B7E30CCA2FD6}"
EndProject
Project("{2150E333-8FDC-42A3-9474-1A3956D46DE8}") = "_docs", "_docs", "{E85B1F92-9A3C-4D2B-8F4E-A7B2C3D4E5F6}"
	ProjectSection(SolutionItems) = preProject
		README.md = README.md
		_docs\index.md = _docs\index.md
		_docs\README.md = _docs\README.md
		_docs\ARCHITECTURE_DECISIONS.md = _docs\ARCHITECTURE_DECISIONS.md
		_docs\Backlog.md = _docs\Backlog.md
		_docs\DEVELOPMENT_STANDARDS.md = _docs\DEVELOPMENT_STANDARDS.md
		_docs\MCP_GATEWAY_IMPLEMENTATION.md = _docs\MCP_GATEWAY_IMPLEMENTATION.md
		_docs\MCP_SERVER_STANDARDS.md = _docs\MCP_SERVER_STANDARDS.md
		_docs\MVP_ROADMAP.md = _docs\MVP_ROADMAP.md
		_docs\PROMPT_INJECTION_PREVENTION.md = _docs\PROMPT_INJECTION_PREVENTION.md
		_docs\PRD.md = _docs\PRD.md
	EndProjectSection
EndProject
Project("{FAE04EC0-301F-11D3-BF4B-00C04F79EFBC}") = "Gateway.Tests", "_test\Gateway.Tests\Gateway.Tests.csproj", "{3ED46CA4-6934-404C-9F5E-B4D3195CA606}"
EndProject
Project("{FAE04EC0-301F-11D3-BF4B-00C04F79EFBC}") = "Domain", "_src\Domain\Domain.csproj", "{91F094DE-BECF-44FF-B690-FEECE85C73F7}"
EndProject
Project("{FAE04EC0-301F-11D3-BF4B-00C04F79EFBC}") = "UI.BlazorWasm", "_src\UI.BlazorWasm\UI.BlazorWasm.csproj", "{1B58C200-AA42-46D4-A579-2ED5F287D410}"
EndProject
Global
	GlobalSection(SolutionConfigurationPlatforms) = preSolution
		Debug|Any CPU = Debug|Any CPU
		Debug|x64 = Debug|x64
		Debug|x86 = Debug|x86
		Release|Any CPU = Release|Any CPU
		Release|x64 = Release|x64
		Release|x86 = Release|x86
	EndGlobalSection
	GlobalSection(ProjectConfigurationPlatforms) = postSolution
		{4503BFF3-FD54-44F3-AC8A-603DADE31777}.Debug|Any CPU.ActiveCfg = Debug|Any CPU
		{4503BFF3-FD54-44F3-AC8A-603DADE31777}.Debug|Any CPU.Build.0 = Debug|Any CPU
		{4503BFF3-FD54-44F3-AC8A-603DADE31777}.Debug|x64.ActiveCfg = Debug|Any CPU
		{4503BFF3-FD54-44F3-AC8A-603DADE31777}.Debug|x64.Build.0 = Debug|Any CPU
		{4503BFF3-FD54-44F3-AC8A-603DADE31777}.Debug|x86.ActiveCfg = Debug|Any CPU
		{4503BFF3-FD54-44F3-AC8A-603DADE31777}.Debug|x86.Build.0 = Debug|Any CPU
		{4503BFF3-FD54-44F3-AC8A-603DADE31777}.Release|Any CPU.ActiveCfg = Release|Any CPU
		{4503BFF3-FD54-44F3-AC8A-603DADE31777}.Release|Any CPU.Build.0 = Release|Any CPU
		{4503BFF3-FD54-44F3-AC8A-603DADE31777}.Release|x64.ActiveCfg = Release|Any CPU
		{4503BFF3-FD54-44F3-AC8A-603DADE31777}.Release|x64.Build.0 = Release|Any CPU
		{4503BFF3-FD54-44F3-AC8A-603DADE31777}.Release|x86.ActiveCfg = Release|Any CPU
		{4503BFF3-FD54-44F3-AC8A-603DADE31777}.Release|x86.Build.0 = Release|Any CPU
		{A0B27F18-AA6D-403A-9A0F-55F67A4E2488}.Debug|Any CPU.ActiveCfg = Debug|Any CPU
		{A0B27F18-AA6D-403A-9A0F-55F67A4E2488}.Debug|Any CPU.Build.0 = Debug|Any CPU
		{A0B27F18-AA6D-403A-9A0F-55F67A4E2488}.Debug|x64.ActiveCfg = Debug|Any CPU
		{A0B27F18-AA6D-403A-9A0F-55F67A4E2488}.Debug|x64.Build.0 = Debug|Any CPU
		{A0B27F18-AA6D-403A-9A0F-55F67A4E2488}.Debug|x86.ActiveCfg = Debug|Any CPU
		{A0B27F18-AA6D-403A-9A0F-55F67A4E2488}.Debug|x86.Build.0 = Debug|Any CPU
		{A0B27F18-AA6D-403A-9A0F-55F67A4E2488}.Release|Any CPU.ActiveCfg = Release|Any CPU
		{A0B27F18-AA6D-403A-9A0F-55F67A4E2488}.Release|Any CPU.Build.0 = Release|Any CPU
		{A0B27F18-AA6D-403A-9A0F-55F67A4E2488}.Release|x64.ActiveCfg = Release|Any CPU
		{A0B27F18-AA6D-403A-9A0F-55F67A4E2488}.Release|x64.Build.0 = Release|Any CPU
		{A0B27F18-AA6D-403A-9A0F-55F67A4E2488}.Release|x86.ActiveCfg = Release|Any CPU
		{A0B27F18-AA6D-403A-9A0F-55F67A4E2488}.Release|x86.Build.0 = Release|Any CPU
		{392D6F1A-8C61-4FC5-B285-42110F6402F3}.Debug|Any CPU.ActiveCfg = Debug|Any CPU
		{392D6F1A-8C61-4FC5-B285-42110F6402F3}.Debug|Any CPU.Build.0 = Debug|Any CPU
		{392D6F1A-8C61-4FC5-B285-42110F6402F3}.Debug|x64.ActiveCfg = Debug|Any CPU
		{392D6F1A-8C61-4FC5-B285-42110F6402F3}.Debug|x64.Build.0 = Debug|Any CPU
		{392D6F1A-8C61-4FC5-B285-42110F6402F3}.Debug|x86.ActiveCfg = Debug|Any CPU
		{392D6F1A-8C61-4FC5-B285-42110F6402F3}.Debug|x86.Build.0 = Debug|Any CPU
		{392D6F1A-8C61-4FC5-B285-42110F6402F3}.Release|Any CPU.ActiveCfg = Release|Any CPU
		{392D6F1A-8C61-4FC5-B285-42110F6402F3}.Release|Any CPU.Build.0 = Release|Any CPU
		{392D6F1A-8C61-4FC5-B285-42110F6402F3}.Release|x64.ActiveCfg = Release|Any CPU
		{392D6F1A-8C61-4FC5-B285-42110F6402F3}.Release|x64.Build.0 = Release|Any CPU
		{392D6F1A-8C61-4FC5-B285-42110F6402F3}.Release|x86.ActiveCfg = Release|Any CPU
		{392D6F1A-8C61-4FC5-B285-42110F6402F3}.Release|x86.Build.0 = Release|Any CPU
		{179E8D20-1103-49F8-B738-6273577077C4}.Debug|Any CPU.ActiveCfg = Debug|Any CPU
		{179E8D20-1103-49F8-B738-6273577077C4}.Debug|Any CPU.Build.0 = Debug|Any CPU
		{179E8D20-1103-49F8-B738-6273577077C4}.Debug|x64.ActiveCfg = Debug|Any CPU
		{179E8D20-1103-49F8-B738-6273577077C4}.Debug|x64.Build.0 = Debug|Any CPU
		{179E8D20-1103-49F8-B738-6273577077C4}.Debug|x86.ActiveCfg = Debug|Any CPU
		{179E8D20-1103-49F8-B738-6273577077C4}.Debug|x86.Build.0 = Debug|Any CPU
		{179E8D20-1103-49F8-B738-6273577077C4}.Release|Any CPU.ActiveCfg = Release|Any CPU
		{179E8D20-1103-49F8-B738-6273577077C4}.Release|Any CPU.Build.0 = Release|Any CPU
		{179E8D20-1103-49F8-B738-6273577077C4}.Release|x64.ActiveCfg = Release|Any CPU
		{179E8D20-1103-49F8-B738-6273577077C4}.Release|x64.Build.0 = Release|Any CPU
		{179E8D20-1103-49F8-B738-6273577077C4}.Release|x86.ActiveCfg = Release|Any CPU
		{179E8D20-1103-49F8-B738-6273577077C4}.Release|x86.Build.0 = Release|Any CPU
		{10004B3F-F54E-447E-907B-CBCC8DC6B464}.Debug|Any CPU.ActiveCfg = Debug|Any CPU
		{10004B3F-F54E-447E-907B-CBCC8DC6B464}.Debug|Any CPU.Build.0 = Debug|Any CPU
		{10004B3F-F54E-447E-907B-CBCC8DC6B464}.Debug|x64.ActiveCfg = Debug|Any CPU
		{10004B3F-F54E-447E-907B-CBCC8DC6B464}.Debug|x64.Build.0 = Debug|Any CPU
		{10004B3F-F54E-447E-907B-CBCC8DC6B464}.Debug|x86.ActiveCfg = Debug|Any CPU
		{10004B3F-F54E-447E-907B-CBCC8DC6B464}.Debug|x86.Build.0 = Debug|Any CPU
		{10004B3F-F54E-447E-907B-CBCC8DC6B464}.Release|Any CPU.ActiveCfg = Release|Any CPU
		{10004B3F-F54E-447E-907B-CBCC8DC6B464}.Release|Any CPU.Build.0 = Release|Any CPU
		{10004B3F-F54E-447E-907B-CBCC8DC6B464}.Release|x64.ActiveCfg = Release|Any CPU
		{10004B3F-F54E-447E-907B-CBCC8DC6B464}.Release|x64.Build.0 = Release|Any CPU
		{10004B3F-F54E-447E-907B-CBCC8DC6B464}.Release|x86.ActiveCfg = Release|Any CPU
		{10004B3F-F54E-447E-907B-CBCC8DC6B464}.Release|x86.Build.0 = Release|Any CPU
		{ACB306BF-1E17-46C2-A739-EB48601C66A4}.Debug|Any CPU.ActiveCfg = Debug|Any CPU
		{ACB306BF-1E17-46C2-A739-EB48601C66A4}.Debug|Any CPU.Build.0 = Debug|Any CPU
		{ACB306BF-1E17-46C2-A739-EB48601C66A4}.Debug|x64.ActiveCfg = Debug|Any CPU
		{ACB306BF-1E17-46C2-A739-EB48601C66A4}.Debug|x64.Build.0 = Debug|Any CPU
		{ACB306BF-1E17-46C2-A739-EB48601C66A4}.Debug|x86.ActiveCfg = Debug|Any CPU
		{ACB306BF-1E17-46C2-A739-EB48601C66A4}.Debug|x86.Build.0 = Debug|Any CPU
		{ACB306BF-1E17-46C2-A739-EB48601C66A4}.Release|Any CPU.ActiveCfg = Release|Any CPU
		{ACB306BF-1E17-46C2-A739-EB48601C66A4}.Release|Any CPU.Build.0 = Release|Any CPU
		{ACB306BF-1E17-46C2-A739-EB48601C66A4}.Release|x64.ActiveCfg = Release|Any CPU
		{ACB306BF-1E17-46C2-A739-EB48601C66A4}.Release|x64.Build.0 = Release|Any CPU
		{ACB306BF-1E17-46C2-A739-EB48601C66A4}.Release|x86.ActiveCfg = Release|Any CPU
		{ACB306BF-1E17-46C2-A739-EB48601C66A4}.Release|x86.Build.0 = Release|Any CPU
		{BF4FECE9-A15A-4F7A-A01F-6E52D0A65578}.Debug|Any CPU.ActiveCfg = Debug|Any CPU
		{BF4FECE9-A15A-4F7A-A01F-6E52D0A65578}.Debug|Any CPU.Build.0 = Debug|Any CPU
		{BF4FECE9-A15A-4F7A-A01F-6E52D0A65578}.Debug|x64.ActiveCfg = Debug|Any CPU
		{BF4FECE9-A15A-4F7A-A01F-6E52D0A65578}.Debug|x64.Build.0 = Debug|Any CPU
		{BF4FECE9-A15A-4F7A-A01F-6E52D0A65578}.Debug|x86.ActiveCfg = Debug|Any CPU
		{BF4FECE9-A15A-4F7A-A01F-6E52D0A65578}.Debug|x86.Build.0 = Debug|Any CPU
		{BF4FECE9-A15A-4F7A-A01F-6E52D0A65578}.Release|Any CPU.ActiveCfg = Release|Any CPU
		{BF4FECE9-A15A-4F7A-A01F-6E52D0A65578}.Release|Any CPU.Build.0 = Release|Any CPU
		{BF4FECE9-A15A-4F7A-A01F-6E52D0A65578}.Release|x64.ActiveCfg = Release|Any CPU
		{BF4FECE9-A15A-4F7A-A01F-6E52D0A65578}.Release|x64.Build.0 = Release|Any CPU
		{BF4FECE9-A15A-4F7A-A01F-6E52D0A65578}.Release|x86.ActiveCfg = Release|Any CPU
		{BF4FECE9-A15A-4F7A-A01F-6E52D0A65578}.Release|x86.Build.0 = Release|Any CPU
		{3ED46CA4-6934-404C-9F5E-B4D3195CA606}.Debug|Any CPU.ActiveCfg = Debug|Any CPU
		{3ED46CA4-6934-404C-9F5E-B4D3195CA606}.Debug|Any CPU.Build.0 = Debug|Any CPU
		{3ED46CA4-6934-404C-9F5E-B4D3195CA606}.Debug|x64.ActiveCfg = Debug|Any CPU
		{3ED46CA4-6934-404C-9F5E-B4D3195CA606}.Debug|x64.Build.0 = Debug|Any CPU
		{3ED46CA4-6934-404C-9F5E-B4D3195CA606}.Debug|x86.ActiveCfg = Debug|Any CPU
		{3ED46CA4-6934-404C-9F5E-B4D3195CA606}.Debug|x86.Build.0 = Debug|Any CPU
		{3ED46CA4-6934-404C-9F5E-B4D3195CA606}.Release|Any CPU.ActiveCfg = Release|Any CPU
		{3ED46CA4-6934-404C-9F5E-B4D3195CA606}.Release|Any CPU.Build.0 = Release|Any CPU
		{3ED46CA4-6934-404C-9F5E-B4D3195CA606}.Release|x64.ActiveCfg = Release|Any CPU
		{3ED46CA4-6934-404C-9F5E-B4D3195CA606}.Release|x64.Build.0 = Release|Any CPU
		{3ED46CA4-6934-404C-9F5E-B4D3195CA606}.Release|x86.ActiveCfg = Release|Any CPU
		{3ED46CA4-6934-404C-9F5E-B4D3195CA606}.Release|x86.Build.0 = Release|Any CPU
		{91F094DE-BECF-44FF-B690-FEECE85C73F7}.Debug|Any CPU.ActiveCfg = Debug|Any CPU
		{91F094DE-BECF-44FF-B690-FEECE85C73F7}.Debug|Any CPU.Build.0 = Debug|Any CPU
		{91F094DE-BECF-44FF-B690-FEECE85C73F7}.Debug|x64.ActiveCfg = Debug|Any CPU
		{91F094DE-BECF-44FF-B690-FEECE85C73F7}.Debug|x64.Build.0 = Debug|Any CPU
		{91F094DE-BECF-44FF-B690-FEECE85C73F7}.Debug|x86.ActiveCfg = Debug|Any CPU
		{91F094DE-BECF-44FF-B690-FEECE85C73F7}.Debug|x86.Build.0 = Debug|Any CPU
		{91F094DE-BECF-44FF-B690-FEECE85C73F7}.Release|Any CPU.ActiveCfg = Release|Any CPU
		{91F094DE-BECF-44FF-B690-FEECE85C73F7}.Release|Any CPU.Build.0 = Release|Any CPU
		{91F094DE-BECF-44FF-B690-FEECE85C73F7}.Release|x64.ActiveCfg = Release|Any CPU
		{91F094DE-BECF-44FF-B690-FEECE85C73F7}.Release|x64.Build.0 = Release|Any CPU
		{91F094DE-BECF-44FF-B690-FEECE85C73F7}.Release|x86.ActiveCfg = Release|Any CPU
		{91F094DE-BECF-44FF-B690-FEECE85C73F7}.Release|x86.Build.0 = Release|Any CPU
		{1B58C200-AA42-46D4-A579-2ED5F287D410}.Debug|Any CPU.ActiveCfg = Debug|Any CPU
		{1B58C200-AA42-46D4-A579-2ED5F287D410}.Debug|Any CPU.Build.0 = Debug|Any CPU
		{1B58C200-AA42-46D4-A579-2ED5F287D410}.Debug|x64.ActiveCfg = Debug|Any CPU
		{1B58C200-AA42-46D4-A579-2ED5F287D410}.Debug|x64.Build.0 = Debug|Any CPU
		{1B58C200-AA42-46D4-A579-2ED5F287D410}.Debug|x86.ActiveCfg = Debug|Any CPU
		{1B58C200-AA42-46D4-A579-2ED5F287D410}.Debug|x86.Build.0 = Debug|Any CPU
		{1B58C200-AA42-46D4-A579-2ED5F287D410}.Release|Any CPU.ActiveCfg = Release|Any CPU
		{1B58C200-AA42-46D4-A579-2ED5F287D410}.Release|Any CPU.Build.0 = Release|Any CPU
		{1B58C200-AA42-46D4-A579-2ED5F287D410}.Release|x64.ActiveCfg = Release|Any CPU
		{1B58C200-AA42-46D4-A579-2ED5F287D410}.Release|x64.Build.0 = Release|Any CPU
		{1B58C200-AA42-46D4-A579-2ED5F287D410}.Release|x86.ActiveCfg = Release|Any CPU
		{1B58C200-AA42-46D4-A579-2ED5F287D410}.Release|x86.Build.0 = Release|Any CPU
	EndGlobalSection
	GlobalSection(SolutionProperties) = preSolution
		HideSolutionNode = FALSE
	EndGlobalSection
	GlobalSection(NestedProjects) = preSolution
		{4503BFF3-FD54-44F3-AC8A-603DADE31777} = {83FB2772-4182-4869-A36E-AA16D5FC6700}
		{A0B27F18-AA6D-403A-9A0F-55F67A4E2488} = {83FB2772-4182-4869-A36E-AA16D5FC6700}
		{392D6F1A-8C61-4FC5-B285-42110F6402F3} = {83FB2772-4182-4869-A36E-AA16D5FC6700}
		{179E8D20-1103-49F8-B738-6273577077C4} = {83FB2772-4182-4869-A36E-AA16D5FC6700}
		{10004B3F-F54E-447E-907B-CBCC8DC6B464} = {458F295F-1A08-40E3-AB19-669CD06E2DDB}
		{ACB306BF-1E17-46C2-A739-EB48601C66A4} = {458F295F-1A08-40E3-AB19-669CD06E2DDB}
		{BF4FECE9-A15A-4F7A-A01F-6E52D0A65578} = {10D71BC2-CE3B-4E5D-AD2C-B7E30CCA2FD6}
		{3ED46CA4-6934-404C-9F5E-B4D3195CA606} = {10D71BC2-CE3B-4E5D-AD2C-B7E30CCA2FD6}
		{91F094DE-BECF-44FF-B690-FEECE85C73F7} = {83FB2772-4182-4869-A36E-AA16D5FC6700}
		{1B58C200-AA42-46D4-A579-2ED5F287D410} = {83FB2772-4182-4869-A36E-AA16D5FC6700}
	EndGlobalSection
	GlobalSection(RiderSharedRunConfigurations) = postSolution
		File = _src\Gateway\Gateway_Dockerfile.run.xml
	EndGlobalSection
EndGlobal
