
Microsoft Visual Studio Solution File, Format Version 12.00
Project("{FAE04EC0-301F-11D3-BF4B-00C04F79EFBC}") = "Devv.Gateway.Ui", "_src\Devv.Gateway.Ui\Devv.Gateway.Ui.csproj", "{C504839C-C307-4EDD-A440-4B472790E7FA}"
EndProject
Project("{FAE04EC0-301F-11D3-BF4B-00C04F79EFBC}") = "Devv.Gateway.Api", "_src\Devv.Gateway.Api\Devv.Gateway.Api.csproj", "{4503BFF3-FD54-44F3-AC8A-603DADE31777}"
EndProject
Project("{FAE04EC0-301F-11D3-BF4B-00C04F79EFBC}") = "Devv.Gateway.Data", "_src\Devv.Gateway.Data\Devv.Gateway.Data.csproj", "{A0B27F18-AA6D-403A-9A0F-55F67A4E2488}"
EndProject
Global
	GlobalSection(SolutionConfigurationPlatforms) = preSolution
		Debug|Any CPU = Debug|Any CPU
		Release|Any CPU = Release|Any CPU
	EndGlobalSection
	GlobalSection(ProjectConfigurationPlatforms) = postSolution
		{C504839C-C307-4EDD-A440-4B472790E7FA}.Debug|Any CPU.ActiveCfg = Debug|Any CPU
		{C504839C-C307-4EDD-A440-4B472790E7FA}.Debug|Any CPU.Build.0 = Debug|Any CPU
		{C504839C-C307-4EDD-A440-4B472790E7FA}.Release|Any CPU.ActiveCfg = Release|Any CPU
		{C504839C-C307-4EDD-A440-4B472790E7FA}.Release|Any CPU.Build.0 = Release|Any CPU
		{4503BFF3-FD54-44F3-AC8A-603DADE31777}.Debug|Any CPU.ActiveCfg = Debug|Any CPU
		{4503BFF3-FD54-44F3-AC8A-603DADE31777}.Debug|Any CPU.Build.0 = Debug|Any CPU
		{4503BFF3-FD54-44F3-AC8A-603DADE31777}.Release|Any CPU.ActiveCfg = Release|Any CPU
		{4503BFF3-FD54-44F3-AC8A-603DADE31777}.Release|Any CPU.Build.0 = Release|Any CPU
		{A0B27F18-AA6D-403A-9A0F-55F67A4E2488}.Debug|Any CPU.ActiveCfg = Debug|Any CPU
		{A0B27F18-AA6D-403A-9A0F-55F67A4E2488}.Debug|Any CPU.Build.0 = Debug|Any CPU
		{A0B27F18-AA6D-403A-9A0F-55F67A4E2488}.Release|Any CPU.ActiveCfg = Release|Any CPU
		{A0B27F18-AA6D-403A-9A0F-55F67A4E2488}.Release|Any CPU.Build.0 = Release|Any CPU
	EndGlobalSection
	GlobalSection(NestedProjects) = preSolution
	EndGlobalSection
EndGlobal
